{
  "name": "esphome-lang-server",
  "version": "1.0.0",
  "lockfileVersion": 1,
  "requires": true,
  "dependencies": {
    "@types/js-yaml": {
      "version": "4.0.3",
      "resolved": "https://registry.npmjs.org/@types/js-yaml/-/js-yaml-4.0.3.tgz",
      "integrity": "sha512-5t9BhoORasuF5uCPr+d5/hdB++zRFUTMIZOzbNkr+jZh3yQht4HYbRDyj9fY8n2TZT30iW9huzav73x4NikqWg==",
      "dev": true
    },
    "@types/node": {
      "version": "16.11.1",
      "resolved": "https://registry.npmjs.org/@types/node/-/node-16.11.1.tgz",
      "integrity": "sha512-PYGcJHL9mwl1Ek3PLiYgyEKtwTMmkMw4vbiyz/ps3pfdRYLVv+SN7qHVAImrjdAXxgluDEw6Ph4lyv+m9UpRmA==",
      "dev": true
    },
    "@types/prettier": {
      "version": "2.0.2",
      "resolved": "https://registry.npmjs.org/@types/prettier/-/prettier-2.0.2.tgz",
      "integrity": "sha512-IkVfat549ggtkZUthUzEX49562eGikhSYeVGX97SkMFn+sTZrgRewXjQ4tPKFPCykZHkX1Zfd9OoELGqKU2jJA==",
      "dev": true
    },
    "@types/ws": {
      "version": "7.4.7",
      "resolved": "https://registry.npmjs.org/@types/ws/-/ws-7.4.7.tgz",
      "integrity": "sha512-JQbbmxZTZehdc2iszGKs5oC3NFnjeay7mtAWrdt7qNtAVK0g19muApzAy4bm9byz79xa2ZnO/BOBC2R8RC5Lww==",
      "dev": true,
      "requires": {
        "@types/node": "*"
      }
    },
    "@types/yaml": {
      "version": "1.9.7",
      "resolved": "https://registry.npmjs.org/@types/yaml/-/yaml-1.9.7.tgz",
      "integrity": "sha512-8WMXRDD1D+wCohjfslHDgICd2JtMATZU8CkhH8LVJqcJs6dyYj5TGptzP8wApbmEullGBSsCEzzap73DQ1HJaA==",
      "dev": true,
      "requires": {
        "yaml": "*"
      }
    },
    "argparse": {
      "version": "2.0.1",
      "resolved": "https://registry.npmjs.org/argparse/-/argparse-2.0.1.tgz",
      "integrity": "sha512-8+9WqebbFzpX9OR+Wa6O29asIogeRMzcGtAINdpMHHyAg10f05aSFVBbcEqGf/PXw1EjAZ+q2/bEBg3DvurK3Q=="
    },
    "js-yaml": {
      "version": "4.1.0",
      "resolved": "https://registry.npmjs.org/js-yaml/-/js-yaml-4.1.0.tgz",
      "integrity": "sha512-wpxZs9NoxZaJESJGIZTyDEaYpl0FKSA+FB9aJiyemKhMwkxQg63h4T1KJgUGHpTqPDNRcmmYLugrRjJlBtWvRA==",
      "requires": {
        "argparse": "^2.0.1"
      }
    },
    "jsonc-parser": {
      "version": "3.0.0",
      "resolved": "https://registry.npmjs.org/jsonc-parser/-/jsonc-parser-3.0.0.tgz",
      "integrity": "sha512-fQzRfAbIBnR0IQvftw9FJveWiHp72Fg20giDrHz6TdfB12UH/uue0D3hm57UB5KgAVuniLMCaS8P1IMj9NR7cA=="
    },
    "prettier": {
      "version": "2.0.5",
      "resolved": "https://registry.npmjs.org/prettier/-/prettier-2.0.5.tgz",
      "integrity": "sha512-7PtVymN48hGcO4fGjybyBSIWDsLU4H4XlvOHfq91pz9kkGlonzwTfYkaIEwiRg/dAJF9YlbsduBAgtYLi+8cFg==",
      "optional": true
    },
    "request-light": {
      "version": "0.5.4",
      "resolved": "https://registry.npmjs.org/request-light/-/request-light-0.5.4.tgz",
      "integrity": "sha512-t3566CMweOFlUk7Y1DJMu5OrtpoZEb6aSTsLQVT3wtrIEJ5NhcY9G/Oqxvjllzl4a15zXfFlcr9q40LbLVQJqw=="
    },
    "vscode-json-languageservice": {
      "version": "4.1.8",
      "resolved": "https://registry.npmjs.org/vscode-json-languageservice/-/vscode-json-languageservice-4.1.8.tgz",
      "integrity": "sha512-0vSpg6Xd9hfV+eZAaYN63xVVMOTmJ4GgHxXnkLCh+9RsQBkWKIghzLhW2B9ebfG+LQQg8uLtsQ2aUKjTgE+QOg==",
      "requires": {
        "jsonc-parser": "^3.0.0",
        "vscode-languageserver-textdocument": "^1.0.1",
        "vscode-languageserver-types": "^3.16.0",
        "vscode-nls": "^5.0.0",
        "vscode-uri": "^3.0.2"
      }
    },
    "vscode-jsonrpc": {
      "version": "6.0.0",
      "resolved": "https://registry.npmjs.org/vscode-jsonrpc/-/vscode-jsonrpc-6.0.0.tgz",
      "integrity": "sha512-wnJA4BnEjOSyFMvjZdpiOwhSq9uDoK8e/kpRJDTaMYzwlkrhG1fwDIZI94CLsLzlCK5cIbMMtFlJlfR57Lavmg=="
    },
    "vscode-languageserver": {
      "version": "7.0.0",
      "resolved": "https://registry.npmjs.org/vscode-languageserver/-/vscode-languageserver-7.0.0.tgz",
      "integrity": "sha512-60HTx5ID+fLRcgdHfmz0LDZAXYEV68fzwG0JWwEPBode9NuMYTIxuYXPg4ngO8i8+Ou0lM7y6GzaYWbiDL0drw==",
      "requires": {
        "vscode-languageserver-protocol": "3.16.0"
      }
    },
    "vscode-languageserver-protocol": {
      "version": "3.16.0",
      "resolved": "https://registry.npmjs.org/vscode-languageserver-protocol/-/vscode-languageserver-protocol-3.16.0.tgz",
      "integrity": "sha512-sdeUoAawceQdgIfTI+sdcwkiK2KU+2cbEYA0agzM2uqaUy2UpnnGHtWTHVEtS0ES4zHU0eMFRGN+oQgDxlD66A==",
      "requires": {
        "vscode-jsonrpc": "6.0.0",
        "vscode-languageserver-types": "3.16.0"
      }
    },
    "vscode-languageserver-textdocument": {
      "version": "1.0.2",
      "resolved": "https://registry.npmjs.org/vscode-languageserver-textdocument/-/vscode-languageserver-textdocument-1.0.2.tgz",
      "integrity": "sha512-T7uPC18+f8mYE4lbVZwb3OSmvwTZm3cuFhrdx9Bn2l11lmp3SvSuSVjy2JtvrghzjAo4G6Trqny2m9XGnFnWVA=="
    },
    "vscode-languageserver-types": {
      "version": "3.16.0",
      "resolved": "https://registry.npmjs.org/vscode-languageserver-types/-/vscode-languageserver-types-3.16.0.tgz",
      "integrity": "sha512-k8luDIWJWyenLc5ToFQQMaSrqCHiLwyKPHKPQZ5zz21vM+vIVUSvsRpcbiECH4WR88K2XZqc4ScRcZ7nk/jbeA=="
    },
    "vscode-nls": {
      "version": "5.0.0",
      "resolved": "https://registry.npmjs.org/vscode-nls/-/vscode-nls-5.0.0.tgz",
      "integrity": "sha512-u0Lw+IYlgbEJFF6/qAqG2d1jQmJl0eyAGJHoAJqr2HT4M2BNuQYSEiSE75f52pXHSJm8AlTjnLLbBFPrdz2hpA=="
    },
    "vscode-uri": {
      "version": "3.0.2",
      "resolved": "https://registry.npmjs.org/vscode-uri/-/vscode-uri-3.0.2.tgz",
      "integrity": "sha512-jkjy6pjU1fxUvI51P+gCsxg1u2n8LSt0W6KrCNQceaziKzff74GoWmjVG46KieVzybO1sttPQmYfrwSHey7GUA=="
    },
    "ws": {
      "version": "8.2.3",
      "resolved": "https://registry.npmjs.org/ws/-/ws-8.2.3.tgz",
      "integrity": "sha512-wBuoj1BDpC6ZQ1B7DWQBYVLphPWkm8i9Y0/3YdHjHKHiohOJ1ws+3OccDWtH+PoC9DZD5WOTrJvNbWvjS6JWaA=="
    },
    "yaml": {
      "version": "2.0.0-8",
      "resolved": "https://registry.npmjs.org/yaml/-/yaml-2.0.0-8.tgz",
      "integrity": "sha512-QaYgJZMfWD6fKN/EYMk6w1oLWPCr1xj9QaPSZW5qkDb3y8nGCXhy2Ono+AF4F+CSL/vGcqswcAT0BaS//pgD2A=="
    }
  }
}
